
Microsoft Visual Studio Solution File, Format Version 12.00
# Visual Studio Version 16
VisualStudioVersion = 16.0.31112.23
MinimumVisualStudioVersion = 10.0.40219.1
Project("{FAE04EC0-301F-11D3-BF4B-00C04F79EFBC}") = "AndrIvan", "AndrIvan\AndrIvan.csproj", "{FE7BD53A-BF07-4964-A43C-13654CC2F627}"
EndProject
Global
	GlobalSection(SolutionConfigurationPlatforms) = preSolution
		Debug|Any CPU = Debug|Any CPU
		Release|Any CPU = Release|Any CPU
	EndGlobalSection
	GlobalSection(ProjectConfigurationPlatforms) = postSolution
		{FE7BD53A-BF07-4964-A43C-13654CC2F627}.Debug|Any CPU.ActiveCfg = Debug|Any CPU
		{FE7BD53A-BF07-4964-A43C-13654CC2F627}.Debug|Any CPU.Build.0 = Debug|Any CPU
		{FE7BD53A-BF07-4964-A43C-13654CC2F627}.Release|Any CPU.ActiveCfg = Release|Any CPU
		{FE7BD53A-BF07-4964-A43C-13654CC2F627}.Release|Any CPU.Build.0 = Release|Any CPU
	EndGlobalSection
	GlobalSection(SolutionProperties) = preSolution
		HideSolutionNode = FALSE
	EndGlobalSection
	GlobalSection(ExtensibilityGlobals) = postSolution
		SolutionGuid = {E9E8C4E9-54B1-4007-8A5A-BD3C4F02E130}
	EndGlobalSection
EndGlobal
